// !$*UTF8*$!
{
	archiveVersion = 1;
	classes = {
	};
	objectVersion = 55;
	objects = {

/* Begin PBXBuildFile section */
		CC4D6F3E29F3883400A31738 /* diceApp.swift in Sources */ = {isa = PBXBuildFile; fileRef = CC4D6F3D29F3883400A31738 /* diceApp.swift */; };
		CC4D6F4029F3883400A31738 /* ContentView.swift in Sources */ = {isa = PBXBuildFile; fileRef = CC4D6F3F29F3883400A31738 /* ContentView.swift */; };
		CC4D6F4229F3883500A31738 /* Assets.xcassets in Resources */ = {isa = PBXBuildFile; fileRef = CC4D6F4129F3883500A31738 /* Assets.xcassets */; };
		CC4D6F4529F3883500A31738 /* Preview Assets.xcassets in Resources */ = {isa = PBXBuildFile; fileRef = CC4D6F4429F3883500A31738 /* Preview Assets.xcassets */; };
		CC51EC3529F4B8EE00AE9265 /* FirebaseAuth in Frameworks */ = {isa = PBXBuildFile; productRef = CC51EC3429F4B8EE00AE9265 /* FirebaseAuth */; };
		CC51EC3729F4B8EE00AE9265 /* FirebaseFirestore in Frameworks */ = {isa = PBXBuildFile; productRef = CC51EC3629F4B8EE00AE9265 /* FirebaseFirestore */; };
		CC51EC3929F4B94A00AE9265 /* GoogleService-Info.plist in Resources */ = {isa = PBXBuildFile; fileRef = CC51EC3829F4B94A00AE9265 /* GoogleService-Info.plist */; };
		CC51EC3B29F4C85500AE9265 /* SwiftUIView.swift in Sources */ = {isa = PBXBuildFile; fileRef = CC51EC3A29F4C85500AE9265 /* SwiftUIView.swift */; };
		CC755A1729F3D5EE00A767F3 /* Dice-starter-assets in Resources */ = {isa = PBXBuildFile; fileRef = CC755A1629F3D5EE00A767F3 /* Dice-starter-assets */; };
		CC755A1B29F436A000A767F3 /* LogIn.swift in Sources */ = {isa = PBXBuildFile; fileRef = CC755A1A29F436A000A767F3 /* LogIn.swift */; };
		CC755A1D29F437A600A767F3 /* SignInBottom.swift in Sources */ = {isa = PBXBuildFile; fileRef = CC755A1C29F437A600A767F3 /* SignInBottom.swift */; };
		CC755A1F29F4438500A767F3 /* Profile.swift in Sources */ = {isa = PBXBuildFile; fileRef = CC755A1E29F4438500A767F3 /* Profile.swift */; };
		CC755A2129F44E5D00A767F3 /* DeliverPage.swift in Sources */ = {isa = PBXBuildFile; fileRef = CC755A2029F44E5D00A767F3 /* DeliverPage.swift */; };
		CC755A2529F450F600A767F3 /* OrderData.swift in Sources */ = {isa = PBXBuildFile; fileRef = CC755A2429F450F600A767F3 /* OrderData.swift */; };
		CC755A2A29F4566A00A767F3 /* OrderInteract.swift in Sources */ = {isa = PBXBuildFile; fileRef = CC755A2929F4566A00A767F3 /* OrderInteract.swift */; };
		CC755A3029F4587B00A767F3 /* Restaurant Icon.swift in Sources */ = {isa = PBXBuildFile; fileRef = CC755A2F29F4587B00A767F3 /* Restaurant Icon.swift */; };
		CC755A3229F458FE00A767F3 /* Restaurant List.swift in Sources */ = {isa = PBXBuildFile; fileRef = CC755A3129F458FE00A767F3 /* Restaurant List.swift */; };
		CC755A3629F459A700A767F3 /* Food Item.swift in Sources */ = {isa = PBXBuildFile; fileRef = CC755A3529F459A700A767F3 /* Food Item.swift */; };
		CCF83F2529F472EE006A6EEC /* B Cafe.swift in Sources */ = {isa = PBXBuildFile; fileRef = CCF83F2429F472EE006A6EEC /* B Cafe.swift */; };
		CCF83F2729F47506006A6EEC /* The Study.swift in Sources */ = {isa = PBXBuildFile; fileRef = CCF83F2629F47506006A6EEC /* The Study.swift */; };
		CCF83F2929F475C6006A6EEC /* Rendez.swift in Sources */ = {isa = PBXBuildFile; fileRef = CCF83F2829F475C6006A6EEC /* Rendez.swift */; };
		CCF83F2D29F47869006A6EEC /* The Cuban.swift in Sources */ = {isa = PBXBuildFile; fileRef = CCF83F2C29F47869006A6EEC /* The Cuban.swift */; };
		CCF83F3229F47A33006A6EEC /* Bowl.swift in Sources */ = {isa = PBXBuildFile; fileRef = CCF83F3129F47A33006A6EEC /* Bowl.swift */; };
		CCF83F3629F47CD8006A6EEC /* Sandwich.swift in Sources */ = {isa = PBXBuildFile; fileRef = CCF83F3529F47CD8006A6EEC /* Sandwich.swift */; };
/* End PBXBuildFile section */

/* Begin PBXFileReference section */
		CC4D6F3A29F3883400A31738 /* dice.app */ = {isa = PBXFileReference; explicitFileType = wrapper.application; includeInIndex = 0; path = dice.app; sourceTree = BUILT_PRODUCTS_DIR; };
		CC4D6F3D29F3883400A31738 /* diceApp.swift */ = {isa = PBXFileReference; lastKnownFileType = sourcecode.swift; path = diceApp.swift; sourceTree = "<group>"; };
		CC4D6F3F29F3883400A31738 /* ContentView.swift */ = {isa = PBXFileReference; lastKnownFileType = sourcecode.swift; path = ContentView.swift; sourceTree = "<group>"; };
		CC4D6F4129F3883500A31738 /* Assets.xcassets */ = {isa = PBXFileReference; lastKnownFileType = folder.assetcatalog; path = Assets.xcassets; sourceTree = "<group>"; };
		CC4D6F4429F3883500A31738 /* Preview Assets.xcassets */ = {isa = PBXFileReference; lastKnownFileType = folder.assetcatalog; path = "Preview Assets.xcassets"; sourceTree = "<group>"; };
		CC51EC3829F4B94A00AE9265 /* GoogleService-Info.plist */ = {isa = PBXFileReference; fileEncoding = 4; lastKnownFileType = text.plist.xml; name = "GoogleService-Info.plist"; path = "../../../Downloads/GoogleService-Info.plist"; sourceTree = "<group>"; };
		CC51EC3A29F4C85500AE9265 /* SwiftUIView.swift */ = {isa = PBXFileReference; lastKnownFileType = sourcecode.swift; path = SwiftUIView.swift; sourceTree = "<group>"; };
		CC755A1629F3D5EE00A767F3 /* Dice-starter-assets */ = {isa = PBXFileReference; lastKnownFileType = folder; path = "Dice-starter-assets"; sourceTree = "<group>"; };
		CC755A1A29F436A000A767F3 /* LogIn.swift */ = {isa = PBXFileReference; lastKnownFileType = sourcecode.swift; path = LogIn.swift; sourceTree = "<group>"; };
		CC755A1C29F437A600A767F3 /* SignInBottom.swift */ = {isa = PBXFileReference; lastKnownFileType = sourcecode.swift; path = SignInBottom.swift; sourceTree = "<group>"; };
		CC755A1E29F4438500A767F3 /* Profile.swift */ = {isa = PBXFileReference; lastKnownFileType = sourcecode.swift; path = Profile.swift; sourceTree = "<group>"; };
		CC755A2029F44E5D00A767F3 /* DeliverPage.swift */ = {isa = PBXFileReference; lastKnownFileType = sourcecode.swift; path = DeliverPage.swift; sourceTree = "<group>"; };
		CC755A2429F450F600A767F3 /* OrderData.swift */ = {isa = PBXFileReference; lastKnownFileType = sourcecode.swift; path = OrderData.swift; sourceTree = "<group>"; };
		CC755A2929F4566A00A767F3 /* OrderInteract.swift */ = {isa = PBXFileReference; lastKnownFileType = sourcecode.swift; path = OrderInteract.swift; sourceTree = "<group>"; };
		CC755A2F29F4587B00A767F3 /* Restaurant Icon.swift */ = {isa = PBXFileReference; lastKnownFileType = sourcecode.swift; path = "Restaurant Icon.swift"; sourceTree = "<group>"; };
		CC755A3129F458FE00A767F3 /* Restaurant List.swift */ = {isa = PBXFileReference; lastKnownFileType = sourcecode.swift; path = "Restaurant List.swift"; sourceTree = "<group>"; };
		CC755A3529F459A700A767F3 /* Food Item.swift */ = {isa = PBXFileReference; lastKnownFileType = sourcecode.swift; path = "Food Item.swift"; sourceTree = "<group>"; };
		CCF83F2429F472EE006A6EEC /* B Cafe.swift */ = {isa = PBXFileReference; lastKnownFileType = sourcecode.swift; path = "B Cafe.swift"; sourceTree = "<group>"; };
		CCF83F2629F47506006A6EEC /* The Study.swift */ = {isa = PBXFileReference; lastKnownFileType = sourcecode.swift; path = "The Study.swift"; sourceTree = "<group>"; };
		CCF83F2829F475C6006A6EEC /* Rendez.swift */ = {isa = PBXFileReference; lastKnownFileType = sourcecode.swift; path = Rendez.swift; sourceTree = "<group>"; };
		CCF83F2C29F47869006A6EEC /* The Cuban.swift */ = {isa = PBXFileReference; lastKnownFileType = sourcecode.swift; path = "The Cuban.swift"; sourceTree = "<group>"; };
		CCF83F3129F47A33006A6EEC /* Bowl.swift */ = {isa = PBXFileReference; lastKnownFileType = sourcecode.swift; path = Bowl.swift; sourceTree = "<group>"; };
		CCF83F3529F47CD8006A6EEC /* Sandwich.swift */ = {isa = PBXFileReference; lastKnownFileType = sourcecode.swift; path = Sandwich.swift; sourceTree = "<group>"; };
/* End PBXFileReference section */

/* Begin PBXFrameworksBuildPhase section */
		CC4D6F3729F3883400A31738 /* Frameworks */ = {
			isa = PBXFrameworksBuildPhase;
			buildActionMask = 2147483647;
			files = (
				CC51EC3529F4B8EE00AE9265 /* FirebaseAuth in Frameworks */,
				CC51EC3729F4B8EE00AE9265 /* FirebaseFirestore in Frameworks */,
			);
			runOnlyForDeploymentPostprocessing = 0;
		};
/* End PBXFrameworksBuildPhase section */

/* Begin PBXGroup section */
		CC4D6F3129F3883400A31738 = {
			isa = PBXGroup;
			children = (
				CC4D6F3C29F3883400A31738 /* dice */,
				CC4D6F3B29F3883400A31738 /* Products */,
			);
			sourceTree = "<group>";
		};
		CC4D6F3B29F3883400A31738 /* Products */ = {
			isa = PBXGroup;
			children = (
				CC4D6F3A29F3883400A31738 /* dice.app */,
			);
			name = Products;
			sourceTree = "<group>";
		};
		CC4D6F3C29F3883400A31738 /* dice */ = {
			isa = PBXGroup;
			children = (
				CC4D6F3D29F3883400A31738 /* diceApp.swift */,
				CC755A2829F4563F00A767F3 /* Sign In */,
				CC755A2629F4562000A767F3 /* Orders Page */,
				CC755A2C29F457BC00A767F3 /* Make Order */,
				CC4D6F3F29F3883400A31738 /* ContentView.swift */,
				CC755A1E29F4438500A767F3 /* Profile.swift */,
				CC755A1629F3D5EE00A767F3 /* Dice-starter-assets */,
				CC4D6F4129F3883500A31738 /* Assets.xcassets */,
				CC51EC3829F4B94A00AE9265 /* GoogleService-Info.plist */,
				CC4D6F4329F3883500A31738 /* Preview Content */,
			);
			path = dice;
			sourceTree = "<group>";
		};
		CC4D6F4329F3883500A31738 /* Preview Content */ = {
			isa = PBXGroup;
			children = (
				CC4D6F4429F3883500A31738 /* Preview Assets.xcassets */,
			);
			path = "Preview Content";
			sourceTree = "<group>";
		};
		CC755A2629F4562000A767F3 /* Orders Page */ = {
			isa = PBXGroup;
			children = (
				CC755A2429F450F600A767F3 /* OrderData.swift */,
				CC51EC3A29F4C85500AE9265 /* SwiftUIView.swift */,
				CC755A2029F44E5D00A767F3 /* DeliverPage.swift */,
				CC755A2929F4566A00A767F3 /* OrderInteract.swift */,
			);
			path = "Orders Page";
			sourceTree = "<group>";
		};
		CC755A2829F4563F00A767F3 /* Sign In */ = {
			isa = PBXGroup;
			children = (
				CC755A1C29F437A600A767F3 /* SignInBottom.swift */,
				CC755A1A29F436A000A767F3 /* LogIn.swift */,
			);
			path = "Sign In";
			sourceTree = "<group>";
		};
		CC755A2C29F457BC00A767F3 /* Make Order */ = {
			isa = PBXGroup;
			children = (
				CC755A3129F458FE00A767F3 /* Restaurant List.swift */,
				CC755A2F29F4587B00A767F3 /* Restaurant Icon.swift */,
				CCF83F2329F472DE006A6EEC /* Menus */,
				CC755A3529F459A700A767F3 /* Food Item.swift */,
			);
			path = "Make Order";
			sourceTree = "<group>";
		};
		CCF83F2329F472DE006A6EEC /* Menus */ = {
			isa = PBXGroup;
			children = (
				CCF83F2F29F47A19006A6EEC /* Rendez */,
				CCF83F2A29F47851006A6EEC /* B Cafe */,
				CCF83F3329F47CC6006A6EEC /* The Study */,
			);
			path = Menus;
			sourceTree = "<group>";
		};
		CCF83F2A29F47851006A6EEC /* B Cafe */ = {
			isa = PBXGroup;
			children = (
				CCF83F2429F472EE006A6EEC /* B Cafe.swift */,
				CCF83F2B29F4785C006A6EEC /* Food */,
			);
			path = "B Cafe";
			sourceTree = "<group>";
		};
		CCF83F2B29F4785C006A6EEC /* Food */ = {
			isa = PBXGroup;
			children = (
				CCF83F2C29F47869006A6EEC /* The Cuban.swift */,
			);
			path = Food;
			sourceTree = "<group>";
		};
		CCF83F2F29F47A19006A6EEC /* Rendez */ = {
			isa = PBXGroup;
			children = (
				CCF83F2829F475C6006A6EEC /* Rendez.swift */,
				CCF83F3029F47A28006A6EEC /* Food */,
			);
			path = Rendez;
			sourceTree = "<group>";
		};
		CCF83F3029F47A28006A6EEC /* Food */ = {
			isa = PBXGroup;
			children = (
				CCF83F3129F47A33006A6EEC /* Bowl.swift */,
			);
			path = Food;
			sourceTree = "<group>";
		};
		CCF83F3329F47CC6006A6EEC /* The Study */ = {
			isa = PBXGroup;
			children = (
				CCF83F2629F47506006A6EEC /* The Study.swift */,
				CCF83F3429F47CCE006A6EEC /* Food */,
			);
			path = "The Study";
			sourceTree = "<group>";
		};
		CCF83F3429F47CCE006A6EEC /* Food */ = {
			isa = PBXGroup;
			children = (
				CCF83F3529F47CD8006A6EEC /* Sandwich.swift */,
			);
			path = Food;
			sourceTree = "<group>";
		};
/* End PBXGroup section */

/* Begin PBXNativeTarget section */
		CC4D6F3929F3883400A31738 /* dice */ = {
			isa = PBXNativeTarget;
			buildConfigurationList = CC4D6F4829F3883500A31738 /* Build configuration list for PBXNativeTarget "dice" */;
			buildPhases = (
				CC4D6F3629F3883400A31738 /* Sources */,
				CC4D6F3729F3883400A31738 /* Frameworks */,
				CC4D6F3829F3883400A31738 /* Resources */,
			);
			buildRules = (
			);
			dependencies = (
			);
			name = dice;
			packageProductDependencies = (
				CC51EC3429F4B8EE00AE9265 /* FirebaseAuth */,
				CC51EC3629F4B8EE00AE9265 /* FirebaseFirestore */,
			);
			productName = dice;
			productReference = CC4D6F3A29F3883400A31738 /* dice.app */;
			productType = "com.apple.product-type.application";
		};
/* End PBXNativeTarget section */

/* Begin PBXProject section */
		CC4D6F3229F3883400A31738 /* Project object */ = {
			isa = PBXProject;
			attributes = {
				BuildIndependentTargetsInParallel = 1;
				LastSwiftUpdateCheck = 1340;
				LastUpgradeCheck = 1340;
				TargetAttributes = {
					CC4D6F3929F3883400A31738 = {
						CreatedOnToolsVersion = 13.4.1;
					};
				};
			};
			buildConfigurationList = CC4D6F3529F3883400A31738 /* Build configuration list for PBXProject "dice" */;
			compatibilityVersion = "Xcode 13.0";
			developmentRegion = en;
			hasScannedForEncodings = 0;
			knownRegions = (
				en,
				Base,
			);
			mainGroup = CC4D6F3129F3883400A31738;
			packageReferences = (
				CC51EC3329F4B8EE00AE9265 /* XCRemoteSwiftPackageReference "firebase-ios-sdk" */,
			);
			productRefGroup = CC4D6F3B29F3883400A31738 /* Products */;
			projectDirPath = "";
			projectRoot = "";
			targets = (
				CC4D6F3929F3883400A31738 /* dice */,
			);
		};
/* End PBXProject section */

/* Begin PBXResourcesBuildPhase section */
		CC4D6F3829F3883400A31738 /* Resources */ = {
			isa = PBXResourcesBuildPhase;
			buildActionMask = 2147483647;
			files = (
				CC4D6F4529F3883500A31738 /* Preview Assets.xcassets in Resources */,
				CC51EC3929F4B94A00AE9265 /* GoogleService-Info.plist in Resources */,
				CC755A1729F3D5EE00A767F3 /* Dice-starter-assets in Resources */,
				CC4D6F4229F3883500A31738 /* Assets.xcassets in Resources */,
			);
			runOnlyForDeploymentPostprocessing = 0;
		};
/* End PBXResourcesBuildPhase section */

/* Begin PBXSourcesBuildPhase section */
		CC4D6F3629F3883400A31738 /* Sources */ = {
			isa = PBXSourcesBuildPhase;
			buildActionMask = 2147483647;
			files = (
				CC4D6F4029F3883400A31738 /* ContentView.swift in Sources */,
				CC755A1F29F4438500A767F3 /* Profile.swift in Sources */,
				CCF83F2729F47506006A6EEC /* The Study.swift in Sources */,
				CC755A2A29F4566A00A767F3 /* OrderInteract.swift in Sources */,
				CCF83F2D29F47869006A6EEC /* The Cuban.swift in Sources */,
				CC755A2129F44E5D00A767F3 /* DeliverPage.swift in Sources */,
				CCF83F2929F475C6006A6EEC /* Rendez.swift in Sources */,
				CC755A3029F4587B00A767F3 /* Restaurant Icon.swift in Sources */,
				CCF83F3629F47CD8006A6EEC /* Sandwich.swift in Sources */,
				CC51EC3B29F4C85500AE9265 /* SwiftUIView.swift in Sources */,
				CC4D6F3E29F3883400A31738 /* diceApp.swift in Sources */,
				CC755A1B29F436A000A767F3 /* LogIn.swift in Sources */,
				CC755A2529F450F600A767F3 /* OrderData.swift in Sources */,
				CC755A1D29F437A600A767F3 /* SignInBottom.swift in Sources */,
				CC755A3229F458FE00A767F3 /* Restaurant List.swift in Sources */,
				CCF83F2529F472EE006A6EEC /* B Cafe.swift in Sources */,
				CC755A3629F459A700A767F3 /* Food Item.swift in Sources */,
				CCF83F3229F47A33006A6EEC /* Bowl.swift in Sources */,
			);
			runOnlyForDeploymentPostprocessing = 0;
		};
/* End PBXSourcesBuildPhase section */

/* Begin XCBuildConfiguration section */
		CC4D6F4629F3883500A31738 /* Debug */ = {
			isa = XCBuildConfiguration;
			buildSettings = {
				ALWAYS_SEARCH_USER_PATHS = NO;
				CLANG_ANALYZER_NONNULL = YES;
				CLANG_ANALYZER_NUMBER_OBJECT_CONVERSION = YES_AGGRESSIVE;
				CLANG_CXX_LANGUAGE_STANDARD = "gnu++17";
				CLANG_ENABLE_MODULES = YES;
				CLANG_ENABLE_OBJC_ARC = YES;
				CLANG_ENABLE_OBJC_WEAK = YES;
				CLANG_WARN_BLOCK_CAPTURE_AUTORELEASING = YES;
				CLANG_WARN_BOOL_CONVERSION = YES;
				CLANG_WARN_COMMA = YES;
				CLANG_WARN_CONSTANT_CONVERSION = YES;
				CLANG_WARN_DEPRECATED_OBJC_IMPLEMENTATIONS = YES;
				CLANG_WARN_DIRECT_OBJC_ISA_USAGE = YES_ERROR;
				CLANG_WARN_DOCUMENTATION_COMMENTS = YES;
				CLANG_WARN_EMPTY_BODY = YES;
				CLANG_WARN_ENUM_CONVERSION = YES;
				CLANG_WARN_INFINITE_RECURSION = YES;
				CLANG_WARN_INT_CONVERSION = YES;
				CLANG_WARN_NON_LITERAL_NULL_CONVERSION = YES;
				CLANG_WARN_OBJC_IMPLICIT_RETAIN_SELF = YES;
				CLANG_WARN_OBJC_LITERAL_CONVERSION = YES;
				CLANG_WARN_OBJC_ROOT_CLASS = YES_ERROR;
				CLANG_WARN_QUOTED_INCLUDE_IN_FRAMEWORK_HEADER = YES;
				CLANG_WARN_RANGE_LOOP_ANALYSIS = YES;
				CLANG_WARN_STRICT_PROTOTYPES = YES;
				CLANG_WARN_SUSPICIOUS_MOVE = YES;
				CLANG_WARN_UNGUARDED_AVAILABILITY = YES_AGGRESSIVE;
				CLANG_WARN_UNREACHABLE_CODE = YES;
				CLANG_WARN__DUPLICATE_METHOD_MATCH = YES;
				COPY_PHASE_STRIP = NO;
				DEBUG_INFORMATION_FORMAT = dwarf;
				ENABLE_STRICT_OBJC_MSGSEND = YES;
				ENABLE_TESTABILITY = YES;
				GCC_C_LANGUAGE_STANDARD = gnu11;
				GCC_DYNAMIC_NO_PIC = NO;
				GCC_NO_COMMON_BLOCKS = YES;
				GCC_OPTIMIZATION_LEVEL = 0;
				GCC_PREPROCESSOR_DEFINITIONS = (
					"DEBUG=1",
					"$(inherited)",
				);
				GCC_WARN_64_TO_32_BIT_CONVERSION = YES;
				GCC_WARN_ABOUT_RETURN_TYPE = YES_ERROR;
				GCC_WARN_UNDECLARED_SELECTOR = YES;
				GCC_WARN_UNINITIALIZED_AUTOS = YES_AGGRESSIVE;
				GCC_WARN_UNUSED_FUNCTION = YES;
				GCC_WARN_UNUSED_VARIABLE = YES;
				IPHONEOS_DEPLOYMENT_TARGET = 15.5;
				MTL_ENABLE_DEBUG_INFO = INCLUDE_SOURCE;
				MTL_FAST_MATH = YES;
				ONLY_ACTIVE_ARCH = YES;
				SDKROOT = iphoneos;
				SWIFT_ACTIVE_COMPILATION_CONDITIONS = DEBUG;
				SWIFT_OPTIMIZATION_LEVEL = "-Onone";
			};
			name = Debug;
		};
		CC4D6F4729F3883500A31738 /* Release */ = {
			isa = XCBuildConfiguration;
			buildSettings = {
				ALWAYS_SEARCH_USER_PATHS = NO;
				CLANG_ANALYZER_NONNULL = YES;
				CLANG_ANALYZER_NUMBER_OBJECT_CONVERSION = YES_AGGRESSIVE;
				CLANG_CXX_LANGUAGE_STANDARD = "gnu++17";
				CLANG_ENABLE_MODULES = YES;
				CLANG_ENABLE_OBJC_ARC = YES;
				CLANG_ENABLE_OBJC_WEAK = YES;
				CLANG_WARN_BLOCK_CAPTURE_AUTORELEASING = YES;
				CLANG_WARN_BOOL_CONVERSION = YES;
				CLANG_WARN_COMMA = YES;
				CLANG_WARN_CONSTANT_CONVERSION = YES;
				CLANG_WARN_DEPRECATED_OBJC_IMPLEMENTATIONS = YES;
				CLANG_WARN_DIRECT_OBJC_ISA_USAGE = YES_ERROR;
				CLANG_WARN_DOCUMENTATION_COMMENTS = YES;
				CLANG_WARN_EMPTY_BODY = YES;
				CLANG_WARN_ENUM_CONVERSION = YES;
				CLANG_WARN_INFINITE_RECURSION = YES;
				CLANG_WARN_INT_CONVERSION = YES;
				CLANG_WARN_NON_LITERAL_NULL_CONVERSION = YES;
				CLANG_WARN_OBJC_IMPLICIT_RETAIN_SELF = YES;
				CLANG_WARN_OBJC_LITERAL_CONVERSION = YES;
				CLANG_WARN_OBJC_ROOT_CLASS = YES_ERROR;
				CLANG_WARN_QUOTED_INCLUDE_IN_FRAMEWORK_HEADER = YES;
				CLANG_WARN_RANGE_LOOP_ANALYSIS = YES;
				CLANG_WARN_STRICT_PROTOTYPES = YES;
				CLANG_WARN_SUSPICIOUS_MOVE = YES;
				CLANG_WARN_UNGUARDED_AVAILABILITY = YES_AGGRESSIVE;
				CLANG_WARN_UNREACHABLE_CODE = YES;
				CLANG_WARN__DUPLICATE_METHOD_MATCH = YES;
				COPY_PHASE_STRIP = NO;
				DEBUG_INFORMATION_FORMAT = "dwarf-with-dsym";
				ENABLE_NS_ASSERTIONS = NO;
				ENABLE_STRICT_OBJC_MSGSEND = YES;
				GCC_C_LANGUAGE_STANDARD = gnu11;
				GCC_NO_COMMON_BLOCKS = YES;
				GCC_WARN_64_TO_32_BIT_CONVERSION = YES;
				GCC_WARN_ABOUT_RETURN_TYPE = YES_ERROR;
				GCC_WARN_UNDECLARED_SELECTOR = YES;
				GCC_WARN_UNINITIALIZED_AUTOS = YES_AGGRESSIVE;
				GCC_WARN_UNUSED_FUNCTION = YES;
				GCC_WARN_UNUSED_VARIABLE = YES;
				IPHONEOS_DEPLOYMENT_TARGET = 15.5;
				MTL_ENABLE_DEBUG_INFO = NO;
				MTL_FAST_MATH = YES;
				SDKROOT = iphoneos;
				SWIFT_COMPILATION_MODE = wholemodule;
				SWIFT_OPTIMIZATION_LEVEL = "-O";
				VALIDATE_PRODUCT = YES;
			};
			name = Release;
		};
		CC4D6F4929F3883500A31738 /* Debug */ = {
			isa = XCBuildConfiguration;
			buildSettings = {
				ASSETCATALOG_COMPILER_APPICON_NAME = AppIcon;
				ASSETCATALOG_COMPILER_GLOBAL_ACCENT_COLOR_NAME = AccentColor;
				CODE_SIGN_STYLE = Automatic;
				CURRENT_PROJECT_VERSION = 1;
				DEVELOPMENT_ASSET_PATHS = "\"dice/Preview Content\"";
				DEVELOPMENT_TEAM = USR2GFRQP9;
				ENABLE_PREVIEWS = YES;
				GENERATE_INFOPLIST_FILE = YES;
				INFOPLIST_KEY_UIApplicationSceneManifest_Generation = YES;
				INFOPLIST_KEY_UIApplicationSupportsIndirectInputEvents = YES;
				INFOPLIST_KEY_UILaunchScreen_Generation = YES;
				INFOPLIST_KEY_UISupportedInterfaceOrientations_iPad = "UIInterfaceOrientationPortrait UIInterfaceOrientationPortraitUpsideDown UIInterfaceOrientationLandscapeLeft UIInterfaceOrientationLandscapeRight";
				INFOPLIST_KEY_UISupportedInterfaceOrientations_iPhone = "UIInterfaceOrientationPortrait UIInterfaceOrientationLandscapeLeft UIInterfaceOrientationLandscapeRight";
				LD_RUNPATH_SEARCH_PATHS = (
					"$(inherited)",
					"@executable_path/Frameworks",
				);
				MARKETING_VERSION = 1.0;
				PRODUCT_BUNDLE_IDENTIFIER = UCLA.dice;
				PRODUCT_NAME = "$(TARGET_NAME)";
				SWIFT_EMIT_LOC_STRINGS = YES;
				SWIFT_VERSION = 5.0;
				TARGETED_DEVICE_FAMILY = "1,2";
			};
			name = Debug;
		};
		CC4D6F4A29F3883500A31738 /* Release */ = {
			isa = XCBuildConfiguration;
			buildSettings = {
				ASSETCATALOG_COMPILER_APPICON_NAME = AppIcon;
				ASSETCATALOG_COMPILER_GLOBAL_ACCENT_COLOR_NAME = AccentColor;
				CODE_SIGN_STYLE = Automatic;
				CURRENT_PROJECT_VERSION = 1;
				DEVELOPMENT_ASSET_PATHS = "\"dice/Preview Content\"";
				DEVELOPMENT_TEAM = USR2GFRQP9;
				ENABLE_PREVIEWS = YES;
				GENERATE_INFOPLIST_FILE = YES;
				INFOPLIST_KEY_UIApplicationSceneManifest_Generation = YES;
				INFOPLIST_KEY_UIApplicationSupportsIndirectInputEvents = YES;
				INFOPLIST_KEY_UILaunchScreen_Generation = YES;
				INFOPLIST_KEY_UISupportedInterfaceOrientations_iPad = "UIInterfaceOrientationPortrait UIInterfaceOrientationPortraitUpsideDown UIInterfaceOrientationLandscapeLeft UIInterfaceOrientationLandscapeRight";
				INFOPLIST_KEY_UISupportedInterfaceOrientations_iPhone = "UIInterfaceOrientationPortrait UIInterfaceOrientationLandscapeLeft UIInterfaceOrientationLandscapeRight";
				LD_RUNPATH_SEARCH_PATHS = (
					"$(inherited)",
					"@executable_path/Frameworks",
				);
				MARKETING_VERSION = 1.0;
				PRODUCT_BUNDLE_IDENTIFIER = UCLA.dice;
				PRODUCT_NAME = "$(TARGET_NAME)";
				SWIFT_EMIT_LOC_STRINGS = YES;
				SWIFT_VERSION = 5.0;
				TARGETED_DEVICE_FAMILY = "1,2";
			};
			name = Release;
		};
/* End XCBuildConfiguration section */

/* Begin XCConfigurationList section */
		CC4D6F3529F3883400A31738 /* Build configuration list for PBXProject "dice" */ = {
			isa = XCConfigurationList;
			buildConfigurations = (
				CC4D6F4629F3883500A31738 /* Debug */,
				CC4D6F4729F3883500A31738 /* Release */,
			);
			defaultConfigurationIsVisible = 0;
			defaultConfigurationName = Release;
		};
		CC4D6F4829F3883500A31738 /* Build configuration list for PBXNativeTarget "dice" */ = {
			isa = XCConfigurationList;
			buildConfigurations = (
				CC4D6F4929F3883500A31738 /* Debug */,
				CC4D6F4A29F3883500A31738 /* Release */,
			);
			defaultConfigurationIsVisible = 0;
			defaultConfigurationName = Release;
		};
/* End XCConfigurationList section */

/* Begin XCRemoteSwiftPackageReference section */
		CC51EC3329F4B8EE00AE9265 /* XCRemoteSwiftPackageReference "firebase-ios-sdk" */ = {
			isa = XCRemoteSwiftPackageReference;
			repositoryURL = "https://github.com/firebase/firebase-ios-sdk.git";
			requirement = {
				kind = upToNextMajorVersion;
				minimumVersion = 10.0.0;
			};
		};
/* End XCRemoteSwiftPackageReference section */

/* Begin XCSwiftPackageProductDependency section */
		CC51EC3429F4B8EE00AE9265 /* FirebaseAuth */ = {
			isa = XCSwiftPackageProductDependency;
			package = CC51EC3329F4B8EE00AE9265 /* XCRemoteSwiftPackageReference "firebase-ios-sdk" */;
			productName = FirebaseAuth;
		};
		CC51EC3629F4B8EE00AE9265 /* FirebaseFirestore */ = {
			isa = XCSwiftPackageProductDependency;
			package = CC51EC3329F4B8EE00AE9265 /* XCRemoteSwiftPackageReference "firebase-ios-sdk" */;
			productName = FirebaseFirestore;
		};
/* End XCSwiftPackageProductDependency section */
	};
	rootObject = CC4D6F3229F3883400A31738 /* Project object */;
}
